# This file is automatically @generated by Cargo.
# It is not intended for manual editing.
version = 3

[[package]]
name = "example"
version = "0.1.0"
dependencies = [
 "rock_server",
]

[[package]]
name = "rock"
version = "0.1.0"
dependencies = [
 "rock_server",
]

[[package]]
name = "rock_server"
version = "0.1.0"
